
Microsoft Visual Studio Solution File, Format Version 12.00
# Visual Studio 15
VisualStudioVersion = 15.0.27004.2009
MinimumVisualStudioVersion = 10.0.40219.1
Project("{FAE04EC0-301F-11D3-BF4B-00C04F79EFBC}") = "AlgorithmPractice", "AlgorithmPractice\AlgorithmPractice.csproj", "{3BE15D63-7D47-4817-B18C-54D81E9DA183}"
EndProject
Global
	GlobalSection(SolutionConfigurationPlatforms) = preSolution
		Debug|Any CPU = Debug|Any CPU
		Release|Any CPU = Release|Any CPU
	EndGlobalSection
	GlobalSection(ProjectConfigurationPlatforms) = postSolution
		{3BE15D63-7D47-4817-B18C-54D81E9DA183}.Debug|Any CPU.ActiveCfg = Debug|Any CPU
		{3BE15D63-7D47-4817-B18C-54D81E9DA183}.Debug|Any CPU.Build.0 = Debug|Any CPU
		{3BE15D63-7D47-4817-B18C-54D81E9DA183}.Release|Any CPU.ActiveCfg = Release|Any CPU
		{3BE15D63-7D47-4817-B18C-54D81E9DA183}.Release|Any CPU.Build.0 = Release|Any CPU
	EndGlobalSection
	GlobalSection(SolutionProperties) = preSolution
		HideSolutionNode = FALSE
	EndGlobalSection
	GlobalSection(ExtensibilityGlobals) = postSolution
		SolutionGuid = {9EAA8FB9-9D51-4B90-9263-E084ACFDA9D9}
	EndGlobalSection
EndGlobal
